
Microsoft Visual Studio Solution File, Format Version 12.00
# Visual Studio Version 16
VisualStudioVersion = 16.0.32106.194
MinimumVisualStudioVersion = 10.0.40219.1
Project("{FAE04EC0-301F-11D3-BF4B-00C04F79EFBC}") = "SeleniumWebdriverSIA13", "SeleniumWebdriverSIA13\SeleniumWebdriverSIA13.csproj", "{1F10D9AD-19DF-4D1B-A1CF-73CFE85B2545}"
EndProject
Global
	GlobalSection(SolutionConfigurationPlatforms) = preSolution
		Debug|Any CPU = Debug|Any CPU
		Release|Any CPU = Release|Any CPU
	EndGlobalSection
	GlobalSection(ProjectConfigurationPlatforms) = postSolution
		{1F10D9AD-19DF-4D1B-A1CF-73CFE85B2545}.Debug|Any CPU.ActiveCfg = Debug|Any CPU
		{1F10D9AD-19DF-4D1B-A1CF-73CFE85B2545}.Debug|Any CPU.Build.0 = Debug|Any CPU
		{1F10D9AD-19DF-4D1B-A1CF-73CFE85B2545}.Release|Any CPU.ActiveCfg = Release|Any CPU
		{1F10D9AD-19DF-4D1B-A1CF-73CFE85B2545}.Release|Any CPU.Build.0 = Release|Any CPU
	EndGlobalSection
	GlobalSection(SolutionProperties) = preSolution
		HideSolutionNode = FALSE
	EndGlobalSection
	GlobalSection(ExtensibilityGlobals) = postSolution
		SolutionGuid = {62AB2405-5C13-4145-9C28-C566661C117E}
	EndGlobalSection
EndGlobal
